
Microsoft Visual Studio Solution File, Format Version 12.00
# Visual Studio Version 16
VisualStudioVersion = 16.0.30523.141
MinimumVisualStudioVersion = 10.0.40219.1
Project("{FAE04EC0-301F-11D3-BF4B-00C04F79EFBC}") = "Server", "Server.csproj", "{99EB4C33-629B-4B9F-A447-4B656A6B8C22}"
EndProject
Project("{FAE04EC0-301F-11D3-BF4B-00C04F79EFBC}") = "Client", "..\Client\Client.csproj", "{6AE32F29-4F64-4073-B0ED-2DB269A86FAF}"
EndProject
Project("{FAE04EC0-301F-11D3-BF4B-00C04F79EFBC}") = "Datos", "..\Datos\Datos.csproj", "{AA11D602-F9E7-4129-81B5-98369EA2A010}"
EndProject
Global
	GlobalSection(SolutionConfigurationPlatforms) = preSolution
		Debug|Any CPU = Debug|Any CPU
		Release|Any CPU = Release|Any CPU
	EndGlobalSection
	GlobalSection(ProjectConfigurationPlatforms) = postSolution
		{99EB4C33-629B-4B9F-A447-4B656A6B8C22}.Debug|Any CPU.ActiveCfg = Debug|Any CPU
		{99EB4C33-629B-4B9F-A447-4B656A6B8C22}.Debug|Any CPU.Build.0 = Debug|Any CPU
		{99EB4C33-629B-4B9F-A447-4B656A6B8C22}.Release|Any CPU.ActiveCfg = Release|Any CPU
		{99EB4C33-629B-4B9F-A447-4B656A6B8C22}.Release|Any CPU.Build.0 = Release|Any CPU
		{6AE32F29-4F64-4073-B0ED-2DB269A86FAF}.Debug|Any CPU.ActiveCfg = Debug|Any CPU
		{6AE32F29-4F64-4073-B0ED-2DB269A86FAF}.Debug|Any CPU.Build.0 = Debug|Any CPU
		{6AE32F29-4F64-4073-B0ED-2DB269A86FAF}.Release|Any CPU.ActiveCfg = Release|Any CPU
		{6AE32F29-4F64-4073-B0ED-2DB269A86FAF}.Release|Any CPU.Build.0 = Release|Any CPU
		{AA11D602-F9E7-4129-81B5-98369EA2A010}.Debug|Any CPU.ActiveCfg = Debug|Any CPU
		{AA11D602-F9E7-4129-81B5-98369EA2A010}.Debug|Any CPU.Build.0 = Debug|Any CPU
		{AA11D602-F9E7-4129-81B5-98369EA2A010}.Release|Any CPU.ActiveCfg = Release|Any CPU
		{AA11D602-F9E7-4129-81B5-98369EA2A010}.Release|Any CPU.Build.0 = Release|Any CPU
	EndGlobalSection
	GlobalSection(SolutionProperties) = preSolution
		HideSolutionNode = FALSE
	EndGlobalSection
	GlobalSection(ExtensibilityGlobals) = postSolution
		SolutionGuid = {65418C98-9642-494F-B617-F652DCB59BA3}
	EndGlobalSection
EndGlobal
